{
  "requires": true,
  "lockfileVersion": 1,
  "dependencies": {
    "stylelint-config-recommended": {
      "version": "2.1.0",
      "resolved": "https://registry.npmjs.org/stylelint-config-recommended/-/stylelint-config-recommended-2.1.0.tgz",
      "integrity": "sha512-ajMbivOD7JxdsnlS5945KYhvt7L/HwN6YeYF2BH6kE4UCLJR0YvXMf+2j7nQpJyYLZx9uZzU5G1ZOSBiWAc6yA==",
      "dev": true
    },
    "stylelint-config-standard": {
      "version": "18.2.0",
      "resolved": "https://registry.npmjs.org/stylelint-config-standard/-/stylelint-config-standard-18.2.0.tgz",
      "integrity": "sha512-07x0TaSIzvXlbOioUU4ORkCIM07kyIuojkbSVCyFWNVgXMXYHfhnQSCkqu+oHWJf3YADAnPGWzdJ53NxkoJ7RA==",
      "dev": true,
      "requires": {
        "stylelint-config-recommended": "2.1.0"
      }
    }
  }
}
